
Microsoft Visual Studio Solution File, Format Version 12.00
# Visual Studio Version 16
VisualStudioVersion = 16.0.30611.23
MinimumVisualStudioVersion = 10.0.40219.1
Project("{FAE04EC0-301F-11D3-BF4B-00C04F79EFBC}") = "API.Domains", "API.Domains\API.Domains.csproj", "{0414EE52-F422-43E3-BAEA-533A8568691F}"
EndProject
Project("{FAE04EC0-301F-11D3-BF4B-00C04F79EFBC}") = "API.DomainServices", "API.DomainServices\API.DomainServices.csproj", "{B82AEE4A-762F-473A-BDE9-80A01493AEA2}"
EndProject
Project("{FAE04EC0-301F-11D3-BF4B-00C04F79EFBC}") = "API.Services", "API.Services\API.Services.csproj", "{EE6E034F-0A62-4959-8389-1BD8958AF817}"
EndProject
Project("{FAE04EC0-301F-11D3-BF4B-00C04F79EFBC}") = "API", "API\API.csproj", "{02D0D047-0F34-43B0-935D-B293AACBB75B}"
EndProject
Project("{FAE04EC0-301F-11D3-BF4B-00C04F79EFBC}") = "API.Infrastructure", "Infrastructure\API.Infrastructure.csproj", "{A23DCCA7-8902-4EC5-8EC2-6681D5947776}"
EndProject
Global
	GlobalSection(SolutionConfigurationPlatforms) = preSolution
		Debug|Any CPU = Debug|Any CPU
		Release|Any CPU = Release|Any CPU
	EndGlobalSection
	GlobalSection(ProjectConfigurationPlatforms) = postSolution
		{0414EE52-F422-43E3-BAEA-533A8568691F}.Debug|Any CPU.ActiveCfg = Debug|Any CPU
		{0414EE52-F422-43E3-BAEA-533A8568691F}.Debug|Any CPU.Build.0 = Debug|Any CPU
		{0414EE52-F422-43E3-BAEA-533A8568691F}.Release|Any CPU.ActiveCfg = Release|Any CPU
		{0414EE52-F422-43E3-BAEA-533A8568691F}.Release|Any CPU.Build.0 = Release|Any CPU
		{B82AEE4A-762F-473A-BDE9-80A01493AEA2}.Debug|Any CPU.ActiveCfg = Debug|Any CPU
		{B82AEE4A-762F-473A-BDE9-80A01493AEA2}.Debug|Any CPU.Build.0 = Debug|Any CPU
		{B82AEE4A-762F-473A-BDE9-80A01493AEA2}.Release|Any CPU.ActiveCfg = Release|Any CPU
		{B82AEE4A-762F-473A-BDE9-80A01493AEA2}.Release|Any CPU.Build.0 = Release|Any CPU
		{EE6E034F-0A62-4959-8389-1BD8958AF817}.Debug|Any CPU.ActiveCfg = Debug|Any CPU
		{EE6E034F-0A62-4959-8389-1BD8958AF817}.Debug|Any CPU.Build.0 = Debug|Any CPU
		{EE6E034F-0A62-4959-8389-1BD8958AF817}.Release|Any CPU.ActiveCfg = Release|Any CPU
		{EE6E034F-0A62-4959-8389-1BD8958AF817}.Release|Any CPU.Build.0 = Release|Any CPU
		{02D0D047-0F34-43B0-935D-B293AACBB75B}.Debug|Any CPU.ActiveCfg = Debug|Any CPU
		{02D0D047-0F34-43B0-935D-B293AACBB75B}.Debug|Any CPU.Build.0 = Debug|Any CPU
		{02D0D047-0F34-43B0-935D-B293AACBB75B}.Release|Any CPU.ActiveCfg = Release|Any CPU
		{02D0D047-0F34-43B0-935D-B293AACBB75B}.Release|Any CPU.Build.0 = Release|Any CPU
		{A23DCCA7-8902-4EC5-8EC2-6681D5947776}.Debug|Any CPU.ActiveCfg = Debug|Any CPU
		{A23DCCA7-8902-4EC5-8EC2-6681D5947776}.Debug|Any CPU.Build.0 = Debug|Any CPU
		{A23DCCA7-8902-4EC5-8EC2-6681D5947776}.Release|Any CPU.ActiveCfg = Release|Any CPU
		{A23DCCA7-8902-4EC5-8EC2-6681D5947776}.Release|Any CPU.Build.0 = Release|Any CPU
	EndGlobalSection
	GlobalSection(SolutionProperties) = preSolution
		HideSolutionNode = FALSE
	EndGlobalSection
	GlobalSection(ExtensibilityGlobals) = postSolution
		SolutionGuid = {48CD471E-CEF7-4726-B45B-0D19446B945F}
	EndGlobalSection
EndGlobal
